
Microsoft Visual Studio Solution File, Format Version 12.00
# Visual Studio Version 17
VisualStudioVersion = 17.2.32630.192
MinimumVisualStudioVersion = 10.0.40219.1
Project("{FAE04EC0-301F-11D3-BF4B-00C04F79EFBC}") = "WindowsNoBorder_ZDLS", "WindowsNoBorder_ZDLS\WindowsNoBorder_ZDLS.csproj", "{77C412BF-C19E-4B39-A4E6-883730A262AF}"
EndProject
Global
	GlobalSection(SolutionConfigurationPlatforms) = preSolution
		Debug|Any CPU = Debug|Any CPU
		Release|Any CPU = Release|Any CPU
	EndGlobalSection
	GlobalSection(ProjectConfigurationPlatforms) = postSolution
		{77C412BF-C19E-4B39-A4E6-883730A262AF}.Debug|Any CPU.ActiveCfg = Debug|Any CPU
		{77C412BF-C19E-4B39-A4E6-883730A262AF}.Debug|Any CPU.Build.0 = Debug|Any CPU
		{77C412BF-C19E-4B39-A4E6-883730A262AF}.Release|Any CPU.ActiveCfg = Release|Any CPU
		{77C412BF-C19E-4B39-A4E6-883730A262AF}.Release|Any CPU.Build.0 = Release|Any CPU
	EndGlobalSection
	GlobalSection(SolutionProperties) = preSolution
		HideSolutionNode = FALSE
	EndGlobalSection
	GlobalSection(ExtensibilityGlobals) = postSolution
		SolutionGuid = {F925BC20-61C1-4ED6-869C-304AC8EF25E6}
	EndGlobalSection
EndGlobal
